
Microsoft Visual Studio Solution File, Format Version 12.00
# Visual Studio Version 16
VisualStudioVersion = 16.0.30717.126
MinimumVisualStudioVersion = 10.0.40219.1
Project("{FAE04EC0-301F-11D3-BF4B-00C04F79EFBC}") = "SpecFlow_Runner", "SpecFlow_Runner\SpecFlow_Runner.csproj", "{75B62A2E-6B08-42A6-9BD8-30B9EE60D3D6}"
EndProject
Project("{FAE04EC0-301F-11D3-BF4B-00C04F79EFBC}") = "SpecFlow_Service", "SpecFlow_Service\SpecFlow_Service.csproj", "{43EF81A9-D83A-4579-97CA-878E986CF164}"
EndProject
Global
	GlobalSection(SolutionConfigurationPlatforms) = preSolution
		Debug|Any CPU = Debug|Any CPU
		Release|Any CPU = Release|Any CPU
	EndGlobalSection
	GlobalSection(ProjectConfigurationPlatforms) = postSolution
		{75B62A2E-6B08-42A6-9BD8-30B9EE60D3D6}.Debug|Any CPU.ActiveCfg = Debug|Any CPU
		{75B62A2E-6B08-42A6-9BD8-30B9EE60D3D6}.Debug|Any CPU.Build.0 = Debug|Any CPU
		{75B62A2E-6B08-42A6-9BD8-30B9EE60D3D6}.Release|Any CPU.ActiveCfg = Release|Any CPU
		{75B62A2E-6B08-42A6-9BD8-30B9EE60D3D6}.Release|Any CPU.Build.0 = Release|Any CPU
		{43EF81A9-D83A-4579-97CA-878E986CF164}.Debug|Any CPU.ActiveCfg = Debug|Any CPU
		{43EF81A9-D83A-4579-97CA-878E986CF164}.Debug|Any CPU.Build.0 = Debug|Any CPU
		{43EF81A9-D83A-4579-97CA-878E986CF164}.Release|Any CPU.ActiveCfg = Release|Any CPU
		{43EF81A9-D83A-4579-97CA-878E986CF164}.Release|Any CPU.Build.0 = Release|Any CPU
	EndGlobalSection
	GlobalSection(SolutionProperties) = preSolution
		HideSolutionNode = FALSE
	EndGlobalSection
	GlobalSection(ExtensibilityGlobals) = postSolution
		SolutionGuid = {6E113582-86C5-4AFC-BFE3-7231907EFB23}
	EndGlobalSection
EndGlobal
